// !$*UTF8*$!
{
	archiveVersion = 1;
	classes = {
	};
	objectVersion = 46;
	objects = {

/* Begin PBXBuildFile section */
		7D84B5EB1A88FFAE00597C7E /* main.m in Sources */ = {isa = PBXBuildFile; fileRef = 7D84B5EA1A88FFAE00597C7E /* main.m */; };
		7D84B5EE1A88FFAE00597C7E /* AppDelegate.m in Sources */ = {isa = PBXBuildFile; fileRef = 7D84B5ED1A88FFAE00597C7E /* AppDelegate.m */; };
		7D84B5F11A88FFAE00597C7E /* ViewController.m in Sources */ = {isa = PBXBuildFile; fileRef = 7D84B5F01A88FFAE00597C7E /* ViewController.m */; };
		7D84B5F41A88FFAE00597C7E /* Main.storyboard in Resources */ = {isa = PBXBuildFile; fileRef = 7D84B5F21A88FFAE00597C7E /* Main.storyboard */; };
		7D84B5F61A88FFAE00597C7E /* Images.xcassets in Resources */ = {isa = PBXBuildFile; fileRef = 7D84B5F51A88FFAE00597C7E /* Images.xcassets */; };
		7D84B5F91A88FFAE00597C7E /* LaunchScreen.xib in Resources */ = {isa = PBXBuildFile; fileRef = 7D84B5F71A88FFAE00597C7E /* LaunchScreen.xib */; };
		7D84B6051A88FFAF00597C7E /* StudentMVCTests.m in Sources */ = {isa = PBXBuildFile; fileRef = 7D84B6041A88FFAF00597C7E /* StudentMVCTests.m */; };
		7D84B6101A88FFDF00597C7E /* Student.m in Sources */ = {isa = PBXBuildFile; fileRef = 7D84B60F1A88FFDF00597C7E /* Student.m */; };
/* End PBXBuildFile section */

/* Begin PBXContainerItemProxy section */
		7D84B5FF1A88FFAF00597C7E /* PBXContainerItemProxy */ = {
			isa = PBXContainerItemProxy;
			containerPortal = 7D84B5DD1A88FFAE00597C7E /* Project object */;
			proxyType = 1;
			remoteGlobalIDString = 7D84B5E41A88FFAE00597C7E;
			remoteInfo = StudentMVC;
		};
/* End PBXContainerItemProxy section */

/* Begin PBXFileReference section */
		7D84B5E51A88FFAE00597C7E /* StudentMVC.app */ = {isa = PBXFileReference; explicitFileType = wrapper.application; includeInIndex = 0; path = StudentMVC.app; sourceTree = BUILT_PRODUCTS_DIR; };
		7D84B5E91A88FFAE00597C7E /* Info.plist */ = {isa = PBXFileReference; lastKnownFileType = text.plist.xml; path = Info.plist; sourceTree = "<group>"; };
		7D84B5EA1A88FFAE00597C7E /* main.m */ = {isa = PBXFileReference; lastKnownFileType = sourcecode.c.objc; path = main.m; sourceTree = "<group>"; };
		7D84B5EC1A88FFAE00597C7E /* AppDelegate.h */ = {isa = PBXFileReference; lastKnownFileType = sourcecode.c.h; path = AppDelegate.h; sourceTree = "<group>"; };
		7D84B5ED1A88FFAE00597C7E /* AppDelegate.m */ = {isa = PBXFileReference; lastKnownFileType = sourcecode.c.objc; path = AppDelegate.m; sourceTree = "<group>"; };
		7D84B5EF1A88FFAE00597C7E /* ViewController.h */ = {isa = PBXFileReference; lastKnownFileType = sourcecode.c.h; path = ViewController.h; sourceTree = "<group>"; };
		7D84B5F01A88FFAE00597C7E /* ViewController.m */ = {isa = PBXFileReference; lastKnownFileType = sourcecode.c.objc; path = ViewController.m; sourceTree = "<group>"; };
		7D84B5F31A88FFAE00597C7E /* Base */ = {isa = PBXFileReference; lastKnownFileType = file.storyboard; name = Base; path = Base.lproj/Main.storyboard; sourceTree = "<group>"; };
		7D84B5F51A88FFAE00597C7E /* Images.xcassets */ = {isa = PBXFileReference; lastKnownFileType = folder.assetcatalog; path = Images.xcassets; sourceTree = "<group>"; };
		7D84B5F81A88FFAE00597C7E /* Base */ = {isa = PBXFileReference; lastKnownFileType = file.xib; name = Base; path = Base.lproj/LaunchScreen.xib; sourceTree = "<group>"; };
		7D84B5FE1A88FFAF00597C7E /* StudentMVCTests.xctest */ = {isa = PBXFileReference; explicitFileType = wrapper.cfbundle; includeInIndex = 0; path = StudentMVCTests.xctest; sourceTree = BUILT_PRODUCTS_DIR; };
		7D84B6031A88FFAF00597C7E /* Info.plist */ = {isa = PBXFileReference; lastKnownFileType = text.plist.xml; path = Info.plist; sourceTree = "<group>"; };
		7D84B6041A88FFAF00597C7E /* StudentMVCTests.m */ = {isa = PBXFileReference; lastKnownFileType = sourcecode.c.objc; path = StudentMVCTests.m; sourceTree = "<group>"; };
		7D84B60E1A88FFDF00597C7E /* Student.h */ = {isa = PBXFileReference; fileEncoding = 4; lastKnownFileType = sourcecode.c.h; path = Student.h; sourceTree = "<group>"; };
		7D84B60F1A88FFDF00597C7E /* Student.m */ = {isa = PBXFileReference; fileEncoding = 4; lastKnownFileType = sourcecode.c.objc; path = Student.m; sourceTree = "<group>"; };
/* End PBXFileReference section */

/* Begin PBXFrameworksBuildPhase section */
		7D84B5E21A88FFAE00597C7E /* Frameworks */ = {
			isa = PBXFrameworksBuildPhase;
			buildActionMask = 2147483647;
			files = (
			);
			runOnlyForDeploymentPostprocessing = 0;
		};
		7D84B5FB1A88FFAF00597C7E /* Frameworks */ = {
			isa = PBXFrameworksBuildPhase;
			buildActionMask = 2147483647;
			files = (
			);
			runOnlyForDeploymentPostprocessing = 0;
		};
/* End PBXFrameworksBuildPhase section */

/* Begin PBXGroup section */
		7D84B5DC1A88FFAE00597C7E = {
			isa = PBXGroup;
			children = (
				7D84B5E71A88FFAE00597C7E /* StudentMVC */,
				7D84B6011A88FFAF00597C7E /* StudentMVCTests */,
				7D84B5E61A88FFAE00597C7E /* Products */,
			);
			sourceTree = "<group>";
		};
		7D84B5E61A88FFAE00597C7E /* Products */ = {
			isa = PBXGroup;
			children = (
				7D84B5E51A88FFAE00597C7E /* StudentMVC.app */,
				7D84B5FE1A88FFAF00597C7E /* StudentMVCTests.xctest */,
			);
			name = Products;
			sourceTree = "<group>";
		};
		7D84B5E71A88FFAE00597C7E /* StudentMVC */ = {
			isa = PBXGroup;
			children = (
				7D84B5EC1A88FFAE00597C7E /* AppDelegate.h */,
				7D84B5ED1A88FFAE00597C7E /* AppDelegate.m */,
				7D84B5EF1A88FFAE00597C7E /* ViewController.h */,
				7D84B5F01A88FFAE00597C7E /* ViewController.m */,
				7D84B60E1A88FFDF00597C7E /* Student.h */,
				7D84B60F1A88FFDF00597C7E /* Student.m */,
				7D84B5F21A88FFAE00597C7E /* Main.storyboard */,
				7D84B5F51A88FFAE00597C7E /* Images.xcassets */,
				7D84B5F71A88FFAE00597C7E /* LaunchScreen.xib */,
				7D84B5E81A88FFAE00597C7E /* Supporting Files */,
			);
			path = StudentMVC;
			sourceTree = "<group>";
		};
		7D84B5E81A88FFAE00597C7E /* Supporting Files */ = {
			isa = PBXGroup;
			children = (
				7D84B5E91A88FFAE00597C7E /* Info.plist */,
				7D84B5EA1A88FFAE00597C7E /* main.m */,
			);
			name = "Supporting Files";
			sourceTree = "<group>";
		};
		7D84B6011A88FFAF00597C7E /* StudentMVCTests */ = {
			isa = PBXGroup;
			children = (
				7D84B6041A88FFAF00597C7E /* StudentMVCTests.m */,
				7D84B6021A88FFAF00597C7E /* Supporting Files */,
			);
			path = StudentMVCTests;
			sourceTree = "<group>";
		};
		7D84B6021A88FFAF00597C7E /* Supporting Files */ = {
			isa = PBXGroup;
			children = (
				7D84B6031A88FFAF00597C7E /* Info.plist */,
			);
			name = "Supporting Files";
			sourceTree = "<group>";
		};
/* End PBXGroup section */

/* Begin PBXNativeTarget section */
		7D84B5E41A88FFAE00597C7E /* StudentMVC */ = {
			isa = PBXNativeTarget;
			buildConfigurationList = 7D84B6081A88FFAF00597C7E /* Build configuration list for PBXNativeTarget "StudentMVC" */;
			buildPhases = (
				7D84B5E11A88FFAE00597C7E /* Sources */,
				7D84B5E21A88FFAE00597C7E /* Frameworks */,
				7D84B5E31A88FFAE00597C7E /* Resources */,
			);
			buildRules = (
			);
			dependencies = (
			);
			name = StudentMVC;
			productName = StudentMVC;
			productReference = 7D84B5E51A88FFAE00597C7E /* StudentMVC.app */;
			productType = "com.apple.product-type.application";
		};
		7D84B5FD1A88FFAF00597C7E /* StudentMVCTests */ = {
			isa = PBXNativeTarget;
			buildConfigurationList = 7D84B60B1A88FFAF00597C7E /* Build configuration list for PBXNativeTarget "StudentMVCTests" */;
			buildPhases = (
				7D84B5FA1A88FFAF00597C7E /* Sources */,
				7D84B5FB1A88FFAF00597C7E /* Frameworks */,
				7D84B5FC1A88FFAF00597C7E /* Resources */,
			);
			buildRules = (
			);
			dependencies = (
				7D84B6001A88FFAF00597C7E /* PBXTargetDependency */,
			);
			name = StudentMVCTests;
			productName = StudentMVCTests;
			productReference = 7D84B5FE1A88FFAF00597C7E /* StudentMVCTests.xctest */;
			productType = "com.apple.product-type.bundle.unit-test";
		};
/* End PBXNativeTarget section */

/* Begin PBXProject section */
		7D84B5DD1A88FFAE00597C7E /* Project object */ = {
			isa = PBXProject;
			attributes = {
				LastUpgradeCheck = 0610;
				ORGANIZATIONNAME = "The Blake School";
				TargetAttributes = {
					7D84B5E41A88FFAE00597C7E = {
						CreatedOnToolsVersion = 6.1.1;
					};
					7D84B5FD1A88FFAF00597C7E = {
						CreatedOnToolsVersion = 6.1.1;
						TestTargetID = 7D84B5E41A88FFAE00597C7E;
					};
				};
			};
			buildConfigurationList = 7D84B5E01A88FFAE00597C7E /* Build configuration list for PBXProject "StudentMVC" */;
			compatibilityVersion = "Xcode 3.2";
			developmentRegion = English;
			hasScannedForEncodings = 0;
			knownRegions = (
				en,
				Base,
			);
			mainGroup = 7D84B5DC1A88FFAE00597C7E;
			productRefGroup = 7D84B5E61A88FFAE00597C7E /* Products */;
			projectDirPath = "";
			projectRoot = "";
			targets = (
				7D84B5E41A88FFAE00597C7E /* StudentMVC */,
				7D84B5FD1A88FFAF00597C7E /* StudentMVCTests */,
			);
		};
/* End PBXProject section */

/* Begin PBXResourcesBuildPhase section */
		7D84B5E31A88FFAE00597C7E /* Resources */ = {
			isa = PBXResourcesBuildPhase;
			buildActionMask = 2147483647;
			files = (
				7D84B5F41A88FFAE00597C7E /* Main.storyboard in Resources */,
				7D84B5F91A88FFAE00597C7E /* LaunchScreen.xib in Resources */,
				7D84B5F61A88FFAE00597C7E /* Images.xcassets in Resources */,
			);
			runOnlyForDeploymentPostprocessing = 0;
		};
		7D84B5FC1A88FFAF00597C7E /* Resources */ = {
			isa = PBXResourcesBuildPhase;
			buildActionMask = 2147483647;
			files = (
			);
			runOnlyForDeploymentPostprocessing = 0;
		};
/* End PBXResourcesBuildPhase section */

/* Begin PBXSourcesBuildPhase section */
		7D84B5E11A88FFAE00597C7E /* Sources */ = {
			isa = PBXSourcesBuildPhase;
			buildActionMask = 2147483647;
			files = (
				7D84B5F11A88FFAE00597C7E /* ViewController.m in Sources */,
				7D84B5EE1A88FFAE00597C7E /* AppDelegate.m in Sources */,
				7D84B5EB1A88FFAE00597C7E /* main.m in Sources */,
				7D84B6101A88FFDF00597C7E /* Student.m in Sources */,
			);
			runOnlyForDeploymentPostprocessing = 0;
		};
		7D84B5FA1A88FFAF00597C7E /* Sources */ = {
			isa = PBXSourcesBuildPhase;
			buildActionMask = 2147483647;
			files = (
				7D84B6051A88FFAF00597C7E /* StudentMVCTests.m in Sources */,
			);
			runOnlyForDeploymentPostprocessing = 0;
		};
/* End PBXSourcesBuildPhase section */

/* Begin PBXTargetDependency section */
		7D84B6001A88FFAF00597C7E /* PBXTargetDependency */ = {
			isa = PBXTargetDependency;
			target = 7D84B5E41A88FFAE00597C7E /* StudentMVC */;
			targetProxy = 7D84B5FF1A88FFAF00597C7E /* PBXContainerItemProxy */;
		};
/* End PBXTargetDependency section */

/* Begin PBXVariantGroup section */
		7D84B5F21A88FFAE00597C7E /* Main.storyboard */ = {
			isa = PBXVariantGroup;
			children = (
				7D84B5F31A88FFAE00597C7E /* Base */,
			);
			name = Main.storyboard;
			sourceTree = "<group>";
		};
		7D84B5F71A88FFAE00597C7E /* LaunchScreen.xib */ = {
			isa = PBXVariantGroup;
			children = (
				7D84B5F81A88FFAE00597C7E /* Base */,
			);
			name = LaunchScreen.xib;
			sourceTree = "<group>";
		};
/* End PBXVariantGroup section */

/* Begin XCBuildConfiguration section */
		7D84B6061A88FFAF00597C7E /* Debug */ = {
			isa = XCBuildConfiguration;
			buildSettings = {
				ALWAYS_SEARCH_USER_PATHS = NO;
				CLANG_CXX_LANGUAGE_STANDARD = "gnu++0x";
				CLANG_CXX_LIBRARY = "libc++";
				CLANG_ENABLE_MODULES = YES;
				CLANG_ENABLE_OBJC_ARC = YES;
				CLANG_WARN_BOOL_CONVERSION = YES;
				CLANG_WARN_CONSTANT_CONVERSION = YES;
				CLANG_WARN_DIRECT_OBJC_ISA_USAGE = YES_ERROR;
				CLANG_WARN_EMPTY_BODY = YES;
				CLANG_WARN_ENUM_CONVERSION = YES;
				CLANG_WARN_INT_CONVERSION = YES;
				CLANG_WARN_OBJC_ROOT_CLASS = YES_ERROR;
				CLANG_WARN_UNREACHABLE_CODE = YES;
				CLANG_WARN__DUPLICATE_METHOD_MATCH = YES;
				"CODE_SIGN_IDENTITY[sdk=iphoneos*]" = "iPhone Developer";
				COPY_PHASE_STRIP = NO;
				ENABLE_STRICT_OBJC_MSGSEND = YES;
				GCC_C_LANGUAGE_STANDARD = gnu99;
				GCC_DYNAMIC_NO_PIC = NO;
				GCC_OPTIMIZATION_LEVEL = 0;
				GCC_PREPROCESSOR_DEFINITIONS = (
					"DEBUG=1",
					"$(inherited)",
				);
				GCC_SYMBOLS_PRIVATE_EXTERN = NO;
				GCC_WARN_64_TO_32_BIT_CONVERSION = YES;
				GCC_WARN_ABOUT_RETURN_TYPE = YES_ERROR;
				GCC_WARN_UNDECLARED_SELECTOR = YES;
				GCC_WARN_UNINITIALIZED_AUTOS = YES_AGGRESSIVE;
				GCC_WARN_UNUSED_FUNCTION = YES;
				GCC_WARN_UNUSED_VARIABLE = YES;
				IPHONEOS_DEPLOYMENT_TARGET = 8.1;
				MTL_ENABLE_DEBUG_INFO = YES;
				ONLY_ACTIVE_ARCH = YES;
				SDKROOT = iphoneos;
				TARGETED_DEVICE_FAMILY = 2;
			};
			name = Debug;
		};
		7D84B6071A88FFAF00597C7E /* Release */ = {
			isa = XCBuildConfiguration;
			buildSettings = {
				ALWAYS_SEARCH_USER_PATHS = NO;
				CLANG_CXX_LANGUAGE_STANDARD = "gnu++0x";
				CLANG_CXX_LIBRARY = "libc++";
				CLANG_ENABLE_MODULES = YES;
				CLANG_ENABLE_OBJC_ARC = YES;
				CLANG_WARN_BOOL_CONVERSION = YES;
				CLANG_WARN_CONSTANT_CONVERSION = YES;
				CLANG_WARN_DIRECT_OBJC_ISA_USAGE = YES_ERROR;
				CLANG_WARN_EMPTY_BODY = YES;
				CLANG_WARN_ENUM_CONVERSION = YES;
				CLANG_WARN_INT_CONVERSION = YES;
				CLANG_WARN_OBJC_ROOT_CLASS = YES_ERROR;
				CLANG_WARN_UNREACHABLE_CODE = YES;
				CLANG_WARN__DUPLICATE_METHOD_MATCH = YES;
				"CODE_SIGN_IDENTITY[sdk=iphoneos*]" = "iPhone Developer";
				COPY_PHASE_STRIP = YES;
				ENABLE_NS_ASSERTIONS = NO;
				ENABLE_STRICT_OBJC_MSGSEND = YES;
				GCC_C_LANGUAGE_STANDARD = gnu99;
				GCC_WARN_64_TO_32_BIT_CONVERSION = YES;
				GCC_WARN_ABOUT_RETURN_TYPE = YES_ERROR;
				GCC_WARN_UNDECLARED_SELECTOR = YES;
				GCC_WARN_UNINITIALIZED_AUTOS = YES_AGGRESSIVE;
				GCC_WARN_UNUSED_FUNCTION = YES;
				GCC_WARN_UNUSED_VARIABLE = YES;
				IPHONEOS_DEPLOYMENT_TARGET = 8.1;
				MTL_ENABLE_DEBUG_INFO = NO;
				SDKROOT = iphoneos;
				TARGETED_DEVICE_FAMILY = 2;
				VALIDATE_PRODUCT = YES;
			};
			name = Release;
		};
		7D84B6091A88FFAF00597C7E /* Debug */ = {
			isa = XCBuildConfiguration;
			buildSettings = {
				ASSETCATALOG_COMPILER_APPICON_NAME = AppIcon;
				INFOPLIST_FILE = StudentMVC/Info.plist;
				LD_RUNPATH_SEARCH_PATHS = "$(inherited) @executable_path/Frameworks";
				PRODUCT_NAME = "$(TARGET_NAME)";
			};
			name = Debug;
		};
		7D84B60A1A88FFAF00597C7E /* Release */ = {
			isa = XCBuildConfiguration;
			buildSettings = {
				ASSETCATALOG_COMPILER_APPICON_NAME = AppIcon;
				INFOPLIST_FILE = StudentMVC/Info.plist;
				LD_RUNPATH_SEARCH_PATHS = "$(inherited) @executable_path/Frameworks";
				PRODUCT_NAME = "$(TARGET_NAME)";
			};
			name = Release;
		};
		7D84B60C1A88FFAF00597C7E /* Debug */ = {
			isa = XCBuildConfiguration;
			buildSettings = {
				BUNDLE_LOADER = "$(TEST_HOST)";
				FRAMEWORK_SEARCH_PATHS = (
					"$(SDKROOT)/Developer/Library/Frameworks",
					"$(inherited)",
				);
				GCC_PREPROCESSOR_DEFINITIONS = (
					"DEBUG=1",
					"$(inherited)",
				);
				INFOPLIST_FILE = StudentMVCTests/Info.plist;
				LD_RUNPATH_SEARCH_PATHS = "$(inherited) @executable_path/Frameworks @loader_path/Frameworks";
				PRODUCT_NAME = "$(TARGET_NAME)";
				TEST_HOST = "$(BUILT_PRODUCTS_DIR)/StudentMVC.app/StudentMVC";
			};
			name = Debug;
		};
		7D84B60D1A88FFAF00597C7E /* Release */ = {
			isa = XCBuildConfiguration;
			buildSettings = {
				BUNDLE_LOADER = "$(TEST_HOST)";
				FRAMEWORK_SEARCH_PATHS = (
					"$(SDKROOT)/Developer/Library/Frameworks",
					"$(inherited)",
				);
				INFOPLIST_FILE = StudentMVCTests/Info.plist;
				LD_RUNPATH_SEARCH_PATHS = "$(inherited) @executable_path/Frameworks @loader_path/Frameworks";
				PRODUCT_NAME = "$(TARGET_NAME)";
				TEST_HOST = "$(BUILT_PRODUCTS_DIR)/StudentMVC.app/StudentMVC";
			};
			name = Release;
		};
/* End XCBuildConfiguration section */

/* Begin XCConfigurationList section */
		7D84B5E01A88FFAE00597C7E /* Build configuration list for PBXProject "StudentMVC" */ = {
			isa = XCConfigurationList;
			buildConfigurations = (
				7D84B6061A88FFAF00597C7E /* Debug */,
				7D84B6071A88FFAF00597C7E /* Release */,
			);
			defaultConfigurationIsVisible = 0;
			defaultConfigurationName = Release;
		};
		7D84B6081A88FFAF00597C7E /* Build configuration list for PBXNativeTarget "StudentMVC" */ = {
			isa = XCConfigurationList;
			buildConfigurations = (
				7D84B6091A88FFAF00597C7E /* Debug */,
				7D84B60A1A88FFAF00597C7E /* Release */,
			);
			defaultConfigurationIsVisible = 0;
		};
		7D84B60B1A88FFAF00597C7E /* Build configuration list for PBXNativeTarget "StudentMVCTests" */ = {
			isa = XCConfigurationList;
			buildConfigurations = (
				7D84B60C1A88FFAF00597C7E /* Debug */,
				7D84B60D1A88FFAF00597C7E /* Release */,
			);
			defaultConfigurationIsVisible = 0;
		};
/* End XCConfigurationList section */
	};
	rootObject = 7D84B5DD1A88FFAE00597C7E /* Project object */;
}
